
Microsoft Visual Studio Solution File, Format Version 12.00
# Visual Studio Version 16
VisualStudioVersion = 16.0.30907.101
MinimumVisualStudioVersion = 10.0.40219.1
Project("{9A19103F-16F7-4668-BE54-9A1E7A4F7556}") = "Delineat.Assistant.API", "Delineat.Assistant.API\Delineat.Assistant.API.csproj", "{602EDDCB-F137-40FD-81AE-DE7611D6D347}"
EndProject
Project("{9A19103F-16F7-4668-BE54-9A1E7A4F7556}") = "Delineat.Assistant.Core", "Delineat.Assistant.Core\Delineat.Assistant.Core.csproj", "{9A918113-7B2F-49AF-A052-221A3430B381}"
EndProject
Project("{9A19103F-16F7-4668-BE54-9A1E7A4F7556}") = "Delineat.Assistant.Models", "Delineat.Assistant.Models\Delineat.Assistant.Models.csproj", "{64B4208A-38A5-4E26-800C-67F37D161216}"
EndProject
Project("{9A19103F-16F7-4668-BE54-9A1E7A4F7556}") = "Delineat.Assistant.Core.Data", "Delineat.Assistant.Core.Data\Delineat.Assistant.Core.Data.csproj", "{0BA1420D-5AC7-4743-9AD6-A931D1B0DA86}"
EndProject
Project("{9A19103F-16F7-4668-BE54-9A1E7A4F7556}") = "Delineat.Assistant.Core.Stores", "Delineat.Assistant.Core.Stores\Delineat.Assistant.Core.Stores.csproj", "{85D23A8E-9F4E-4CFB-BB54-BBCA9EDD8080}"
EndProject
Project("{9A19103F-16F7-4668-BE54-9A1E7A4F7556}") = "Delineat.Assistant.Core.Tips", "Delineat.Assistant.Core.Tips\Delineat.Assistant.Core.Tips.csproj", "{025C732A-3087-4B45-A671-FB1C196601FC}"
EndProject
Project("{9A19103F-16F7-4668-BE54-9A1E7A4F7556}") = "Delineat.Assistant.Core.Tips.EML", "Delineat.Assistant.Core.Tips.EML\Delineat.Assistant.Core.Tips.EML.csproj", "{020AEC96-650B-4346-AE87-AD75F506A6E5}"
EndProject
Project("{9A19103F-16F7-4668-BE54-9A1E7A4F7556}") = "Delineat.Assistant.Core.Users", "Delineat.Assistant.Core.Users\Delineat.Assistant.Core.Users.csproj", "{703BCED3-15F3-4E3C-82B4-DCF8C5E5A423}"
EndProject
Project("{9A19103F-16F7-4668-BE54-9A1E7A4F7556}") = "Delineat.Assistant.Core.ObjectFactories", "Delineat.Assistant.Core.ObjectFactories\Delineat.Assistant.Core.ObjectFactories.csproj", "{F2A29F45-65C2-4962-863C-D53057B16B31}"
EndProject
Project("{9A19103F-16F7-4668-BE54-9A1E7A4F7556}") = "Delineat.MergeDB", "Delineat.MergeDB\Delineat.MergeDB.csproj", "{5EA5658A-D460-4A4B-8EDB-49D44697179A}"
EndProject
Project("{2150E333-8FDC-42A3-9474-1A3956D46DE8}") = "Solution Items", "Solution Items", "{68E4EBCD-ACED-4E1C-B134-DC9D1559B6C5}"
	ProjectSection(SolutionItems) = preProject
		.editorconfig = .editorconfig
	EndProjectSection
EndProject
Project("{9A19103F-16F7-4668-BE54-9A1E7A4F7556}") = "Delineat.Assistant.Exports", "Delineat.Assistant.Exports\Delineat.Assistant.Exports.csproj", "{B59BDD6B-622B-4347-8BB4-324B8B054642}"
EndProject
Project("{9A19103F-16F7-4668-BE54-9A1E7A4F7556}") = "Delineat.Tests", "Delineat.Tests\Delineat.Tests.csproj", "{277257B3-66F3-404E-8294-7F4D4A074792}"
EndProject
Project("{2150E333-8FDC-42A3-9474-1A3956D46DE8}") = "Utils", "Utils", "{75038162-2C94-4D41-B61B-6DCFDA1A2121}"
EndProject
Project("{FAE04EC0-301F-11D3-BF4B-00C04F79EFBC}") = "Delineat.Assistant.LocalService", "Delineat.Assistant.LocalService\Delineat.Assistant.LocalService.csproj", "{407E34D5-1A38-4AA1-989F-761113E49D73}"
EndProject
Project("{2150E333-8FDC-42A3-9474-1A3956D46DE8}") = "Scritps", "Scritps", "{29307524-C5BF-483A-8CD3-87D5FAB7DB3A}"
EndProject
Project("{2150E333-8FDC-42A3-9474-1A3956D46DE8}") = "Builds", "Builds", "{7F4E3550-4CB5-47E3-9F5C-542C9E0F3639}"
EndProject
Project("{9A19103F-16F7-4668-BE54-9A1E7A4F7556}") = "Delineat.PatchDB", "Delineat.PatchDB\Delineat.PatchDB.csproj", "{067DDDF8-70DE-4B49-96E9-2DF8919BE81F}"
EndProject
Global
	GlobalSection(SolutionConfigurationPlatforms) = preSolution
		Debug|Any CPU = Debug|Any CPU
		Release|Any CPU = Release|Any CPU
	EndGlobalSection
	GlobalSection(ProjectConfigurationPlatforms) = postSolution
		{602EDDCB-F137-40FD-81AE-DE7611D6D347}.Debug|Any CPU.ActiveCfg = Debug|Any CPU
		{602EDDCB-F137-40FD-81AE-DE7611D6D347}.Debug|Any CPU.Build.0 = Debug|Any CPU
		{602EDDCB-F137-40FD-81AE-DE7611D6D347}.Release|Any CPU.ActiveCfg = Release|Any CPU
		{602EDDCB-F137-40FD-81AE-DE7611D6D347}.Release|Any CPU.Build.0 = Release|Any CPU
		{9A918113-7B2F-49AF-A052-221A3430B381}.Debug|Any CPU.ActiveCfg = Debug|Any CPU
		{9A918113-7B2F-49AF-A052-221A3430B381}.Debug|Any CPU.Build.0 = Debug|Any CPU
		{9A918113-7B2F-49AF-A052-221A3430B381}.Release|Any CPU.ActiveCfg = Release|Any CPU
		{9A918113-7B2F-49AF-A052-221A3430B381}.Release|Any CPU.Build.0 = Release|Any CPU
		{64B4208A-38A5-4E26-800C-67F37D161216}.Debug|Any CPU.ActiveCfg = Debug|Any CPU
		{64B4208A-38A5-4E26-800C-67F37D161216}.Debug|Any CPU.Build.0 = Debug|Any CPU
		{64B4208A-38A5-4E26-800C-67F37D161216}.Release|Any CPU.ActiveCfg = Release|Any CPU
		{64B4208A-38A5-4E26-800C-67F37D161216}.Release|Any CPU.Build.0 = Release|Any CPU
		{0BA1420D-5AC7-4743-9AD6-A931D1B0DA86}.Debug|Any CPU.ActiveCfg = Debug|Any CPU
		{0BA1420D-5AC7-4743-9AD6-A931D1B0DA86}.Debug|Any CPU.Build.0 = Debug|Any CPU
		{0BA1420D-5AC7-4743-9AD6-A931D1B0DA86}.Release|Any CPU.ActiveCfg = Release|Any CPU
		{0BA1420D-5AC7-4743-9AD6-A931D1B0DA86}.Release|Any CPU.Build.0 = Release|Any CPU
		{85D23A8E-9F4E-4CFB-BB54-BBCA9EDD8080}.Debug|Any CPU.ActiveCfg = Debug|Any CPU
		{85D23A8E-9F4E-4CFB-BB54-BBCA9EDD8080}.Debug|Any CPU.Build.0 = Debug|Any CPU
		{85D23A8E-9F4E-4CFB-BB54-BBCA9EDD8080}.Release|Any CPU.ActiveCfg = Release|Any CPU
		{85D23A8E-9F4E-4CFB-BB54-BBCA9EDD8080}.Release|Any CPU.Build.0 = Release|Any CPU
		{025C732A-3087-4B45-A671-FB1C196601FC}.Debug|Any CPU.ActiveCfg = Debug|Any CPU
		{025C732A-3087-4B45-A671-FB1C196601FC}.Debug|Any CPU.Build.0 = Debug|Any CPU
		{025C732A-3087-4B45-A671-FB1C196601FC}.Release|Any CPU.ActiveCfg = Release|Any CPU
		{025C732A-3087-4B45-A671-FB1C196601FC}.Release|Any CPU.Build.0 = Release|Any CPU
		{020AEC96-650B-4346-AE87-AD75F506A6E5}.Debug|Any CPU.ActiveCfg = Debug|Any CPU
		{020AEC96-650B-4346-AE87-AD75F506A6E5}.Debug|Any CPU.Build.0 = Debug|Any CPU
		{020AEC96-650B-4346-AE87-AD75F506A6E5}.Release|Any CPU.ActiveCfg = Release|Any CPU
		{020AEC96-650B-4346-AE87-AD75F506A6E5}.Release|Any CPU.Build.0 = Release|Any CPU
		{703BCED3-15F3-4E3C-82B4-DCF8C5E5A423}.Debug|Any CPU.ActiveCfg = Debug|Any CPU
		{703BCED3-15F3-4E3C-82B4-DCF8C5E5A423}.Debug|Any CPU.Build.0 = Debug|Any CPU
		{703BCED3-15F3-4E3C-82B4-DCF8C5E5A423}.Release|Any CPU.ActiveCfg = Release|Any CPU
		{703BCED3-15F3-4E3C-82B4-DCF8C5E5A423}.Release|Any CPU.Build.0 = Release|Any CPU
		{F2A29F45-65C2-4962-863C-D53057B16B31}.Debug|Any CPU.ActiveCfg = Debug|Any CPU
		{F2A29F45-65C2-4962-863C-D53057B16B31}.Debug|Any CPU.Build.0 = Debug|Any CPU
		{F2A29F45-65C2-4962-863C-D53057B16B31}.Release|Any CPU.ActiveCfg = Release|Any CPU
		{F2A29F45-65C2-4962-863C-D53057B16B31}.Release|Any CPU.Build.0 = Release|Any CPU
		{5EA5658A-D460-4A4B-8EDB-49D44697179A}.Debug|Any CPU.ActiveCfg = Debug|Any CPU
		{5EA5658A-D460-4A4B-8EDB-49D44697179A}.Debug|Any CPU.Build.0 = Debug|Any CPU
		{5EA5658A-D460-4A4B-8EDB-49D44697179A}.Release|Any CPU.ActiveCfg = Release|Any CPU
		{5EA5658A-D460-4A4B-8EDB-49D44697179A}.Release|Any CPU.Build.0 = Release|Any CPU
		{B59BDD6B-622B-4347-8BB4-324B8B054642}.Debug|Any CPU.ActiveCfg = Debug|Any CPU
		{B59BDD6B-622B-4347-8BB4-324B8B054642}.Debug|Any CPU.Build.0 = Debug|Any CPU
		{B59BDD6B-622B-4347-8BB4-324B8B054642}.Release|Any CPU.ActiveCfg = Release|Any CPU
		{B59BDD6B-622B-4347-8BB4-324B8B054642}.Release|Any CPU.Build.0 = Release|Any CPU
		{277257B3-66F3-404E-8294-7F4D4A074792}.Debug|Any CPU.ActiveCfg = Debug|Any CPU
		{277257B3-66F3-404E-8294-7F4D4A074792}.Debug|Any CPU.Build.0 = Debug|Any CPU
		{277257B3-66F3-404E-8294-7F4D4A074792}.Release|Any CPU.ActiveCfg = Release|Any CPU
		{277257B3-66F3-404E-8294-7F4D4A074792}.Release|Any CPU.Build.0 = Release|Any CPU
		{407E34D5-1A38-4AA1-989F-761113E49D73}.Debug|Any CPU.ActiveCfg = Debug|Any CPU
		{407E34D5-1A38-4AA1-989F-761113E49D73}.Debug|Any CPU.Build.0 = Debug|Any CPU
		{407E34D5-1A38-4AA1-989F-761113E49D73}.Release|Any CPU.ActiveCfg = Release|Any CPU
		{407E34D5-1A38-4AA1-989F-761113E49D73}.Release|Any CPU.Build.0 = Release|Any CPU
		{067DDDF8-70DE-4B49-96E9-2DF8919BE81F}.Debug|Any CPU.ActiveCfg = Debug|Any CPU
		{067DDDF8-70DE-4B49-96E9-2DF8919BE81F}.Debug|Any CPU.Build.0 = Debug|Any CPU
		{067DDDF8-70DE-4B49-96E9-2DF8919BE81F}.Release|Any CPU.ActiveCfg = Release|Any CPU
		{067DDDF8-70DE-4B49-96E9-2DF8919BE81F}.Release|Any CPU.Build.0 = Release|Any CPU
	EndGlobalSection
	GlobalSection(SolutionProperties) = preSolution
		HideSolutionNode = FALSE
	EndGlobalSection
	GlobalSection(NestedProjects) = preSolution
		{407E34D5-1A38-4AA1-989F-761113E49D73} = {75038162-2C94-4D41-B61B-6DCFDA1A2121}
		{29307524-C5BF-483A-8CD3-87D5FAB7DB3A} = {75038162-2C94-4D41-B61B-6DCFDA1A2121}
		{7F4E3550-4CB5-47E3-9F5C-542C9E0F3639} = {29307524-C5BF-483A-8CD3-87D5FAB7DB3A}
	EndGlobalSection
	GlobalSection(ExtensibilityGlobals) = postSolution
		SolutionGuid = {3F2513B6-E8F7-4250-A468-FBB9FCFD655E}
	EndGlobalSection
EndGlobal
